schema: '2.0'
stages:
  merge_data@O3:
    cmd: python src/data/data_raw_merge.py data/interim/filtered/LV_O3_filtered.csv
      data/external/LV_O3.csv data/interim/updated/LV_O3_updated.csv
    deps:
    - path: data/external/
      md5: 45d4ed1d7665ec0758d53a70e3630590.dir
      size: 30114057
      nfiles: 7
    - path: data/interim/filtered
      md5: df2d21261f42f149e95749b0635576af.dir
      size: 35747931
      nfiles: 14
    - path: src/data/data_raw_merge.py
      md5: b3d1239ec00bc4f5acee183cda4c361f
      size: 2598
    outs:
    - path: data/interim/updated/LV_O3_updated.csv
      md5: ae985e13d6dbce8dcbf1248ceea9e276
      size: 4881652
  merge_data@NO:
    cmd: python src/data/data_raw_merge.py data/interim/filtered/ES_NO_filtered.csv
      data/external/ES_NO.csv data/interim/updated/ES_NO_updated.csv
    deps:
    - path: data/external/
      md5: 1b42b8c5e8a4e267604622a3e7d96b8f.dir
      size: 42186767
      nfiles: 8
    - path: data/interim/filtered
      md5: f99d5bd460b830c2e834704ad52bc5f0.dir
      size: 19438151
      nfiles: 8
    - path: src/data/data_raw_merge.py
      md5: c0b3192a31f60e77bda8f77e4618fccd
      size: 2552
    outs:
    - path: data/interim/updated/ES_NO_updated.csv
      md5: 3db1db3703b6943f3b18ffe17c71e3ee
      size: 1806411
  merge_data@PM10:
    cmd: python src/data/data_raw_merge.py data/interim/filtered/LV_PM10_filtered.csv
      data/external/LV_PM10.csv data/interim/updated/LV_PM10_updated.csv
    deps:
    - path: data/external/
      md5: 45d4ed1d7665ec0758d53a70e3630590.dir
      size: 30114057
      nfiles: 7
    - path: data/interim/filtered
      md5: df2d21261f42f149e95749b0635576af.dir
      size: 35747931
      nfiles: 14
    - path: src/data/data_raw_merge.py
      md5: b3d1239ec00bc4f5acee183cda4c361f
      size: 2598
    outs:
    - path: data/interim/updated/LV_PM10_updated.csv
      md5: cd85ac1ea281da0c1ab6cec64390ecc1
      size: 122937
  merge_data@PM2.5:
    cmd: python src/data/data_raw_merge.py data/interim/filtered/LV_PM2.5_filtered.csv
      data/external/LV_PM2.5.csv data/interim/updated/LV_PM2.5_updated.csv
    deps:
    - path: data/external/
      md5: 45d4ed1d7665ec0758d53a70e3630590.dir
      size: 30114057
      nfiles: 7
    - path: data/interim/filtered
      md5: df2d21261f42f149e95749b0635576af.dir
      size: 35747931
      nfiles: 14
    - path: src/data/data_raw_merge.py
      md5: b3d1239ec00bc4f5acee183cda4c361f
      size: 2598
    outs:
    - path: data/interim/updated/LV_PM2.5_updated.csv
      md5: 4313cecd6cf8cef7377a93e5171a8ee7
      size: 124174
  merge_data@NO2:
    cmd: python src/data/data_raw_merge.py data/interim/filtered/LV_NO2_filtered.csv
      data/external/LV_NO2.csv data/interim/updated/LV_NO2_updated.csv
    deps:
    - path: data/external/
      md5: 45d4ed1d7665ec0758d53a70e3630590.dir
      size: 30114057
      nfiles: 7
    - path: data/interim/filtered
      md5: df2d21261f42f149e95749b0635576af.dir
      size: 35747931
      nfiles: 14
    - path: src/data/data_raw_merge.py
      md5: b3d1239ec00bc4f5acee183cda4c361f
      size: 2598
    outs:
    - path: data/interim/updated/LV_NO2_updated.csv
      md5: f02938a86aef8aface505ccd8563e59a
      size: 4908848
  merge_data@CO:
    cmd: python src/data/data_raw_merge.py data/interim/filtered/LV_CO_filtered.csv
      data/external/LV_CO.csv data/interim/updated/LV_CO_updated.csv
    deps:
    - path: data/external/
      md5: 45d4ed1d7665ec0758d53a70e3630590.dir
      size: 30114057
      nfiles: 7
    - path: data/interim/filtered
      md5: df2d21261f42f149e95749b0635576af.dir
      size: 35747931
      nfiles: 14
    - path: src/data/data_raw_merge.py
      md5: b3d1239ec00bc4f5acee183cda4c361f
      size: 2598
    outs:
    - path: data/interim/updated/LV_CO_updated.csv
      md5: 5672f45aa65f572ec3f2bd6afb51f0af
      size: 2986114
  merge_data@SO2:
    cmd: python src/data/data_raw_merge.py data/interim/filtered/LV_SO2_filtered.csv
      data/external/LV_SO2.csv data/interim/updated/LV_SO2_updated.csv
    deps:
    - path: data/external/
      md5: 45d4ed1d7665ec0758d53a70e3630590.dir
      size: 30114057
      nfiles: 7
    - path: data/interim/filtered
      md5: df2d21261f42f149e95749b0635576af.dir
      size: 35747931
      nfiles: 14
    - path: src/data/data_raw_merge.py
      md5: b3d1239ec00bc4f5acee183cda4c361f
      size: 2598
    outs:
    - path: data/interim/updated/LV_SO2_updated.csv
      md5: b0476812c4276b9ac0cf81e41fc5a6e2
      size: 4880516
  filter_data@NO2:
    cmd: python src/data/filter_data.py data/raw/LV_NO2/ data/interim/filtered/LV_NO2_filtered.csv
    deps:
    - path: data/raw/
      md5: 3a862c5bb0f2f36bd2ef0c9dbbb3425b.dir
      size: 7186165708
      nfiles: 5436
    - path: src/data/filter_data.py
      md5: c87b049ad13772e20638d57f23c6b671
      size: 1166
    outs:
    - path: data/interim/filtered/LV_NO2_filtered.csv
      md5: 3ebfa0d0a41b780f951f6e41b63439ba
      size: 4488471
  filter_data@NO:
    cmd: python src/data/filter_data.py data/raw/ES_NO/ data/interim/filtered/ES_NO_filtered.csv
    deps:
    - path: data/raw/
      md5: f9f0cbd3ac6022e3baa43e123dc0f30c.dir
      size: 7097091282
      nfiles: 5380
    outs:
    - path: data/interim/filtered/ES_NO_filtered.csv
      md5: 59cba7e5e2ca6515bb7c72c17368adb0
      size: 2740661
  filter_data@SO2:
    cmd: python src/data/filter_data.py data/raw/LV_SO2/ data/interim/filtered/LV_SO2_filtered.csv
    deps:
    - path: data/raw/
      md5: 3a862c5bb0f2f36bd2ef0c9dbbb3425b.dir
      size: 7186165708
      nfiles: 5436
    - path: src/data/filter_data.py
      md5: c87b049ad13772e20638d57f23c6b671
      size: 1166
    outs:
    - path: data/interim/filtered/LV_SO2_filtered.csv
      md5: bf1f3340ebe32e34f5cc859d45dde6f8
      size: 4460867
  filter_data@CO:
    cmd: python src/data/filter_data.py data/raw/LV_CO/ data/interim/filtered/LV_CO_filtered.csv
    deps:
    - path: data/raw/
      md5: 3a862c5bb0f2f36bd2ef0c9dbbb3425b.dir
      size: 7186165708
      nfiles: 5436
    - path: src/data/filter_data.py
      md5: c87b049ad13772e20638d57f23c6b671
      size: 1166
    outs:
    - path: data/interim/filtered/LV_CO_filtered.csv
      md5: a16919a0e71540c7a14194f740e4d0ca
      size: 2754809
  filter_data@O3:
    cmd: python src/data/filter_data.py data/raw/LV_O3/ data/interim/filtered/LV_O3_filtered.csv
    deps:
    - path: data/raw/
      md5: 3a862c5bb0f2f36bd2ef0c9dbbb3425b.dir
      size: 7186165708
      nfiles: 5436
    - path: src/data/filter_data.py
      md5: c87b049ad13772e20638d57f23c6b671
      size: 1166
    outs:
    - path: data/interim/filtered/LV_O3_filtered.csv
      md5: 20fcc88a0a3eaab5cf4451aa9b106a0e
      size: 4462601
  filter_data@PM2.5:
    cmd: python src/data/filter_data.py data/raw/LV_PM2.5/ data/interim/filtered/LV_PM2.5_filtered.csv
    deps:
    - path: data/raw/
      md5: 3a862c5bb0f2f36bd2ef0c9dbbb3425b.dir
      size: 7186165708
      nfiles: 5436
    - path: src/data/filter_data.py
      md5: c87b049ad13772e20638d57f23c6b671
      size: 1166
    outs:
    - path: data/interim/filtered/LV_PM2.5_filtered.csv
      md5: 72cd8b498260812cf6ec2f20bd928145
      size: 114649
  filter_data@PM10:
    cmd: python src/data/filter_data.py data/raw/LV_PM10/ data/interim/filtered/LV_PM10_filtered.csv
    deps:
    - path: data/raw/
      md5: 3a862c5bb0f2f36bd2ef0c9dbbb3425b.dir
      size: 7186165708
      nfiles: 5436
    - path: src/data/filter_data.py
      md5: c87b049ad13772e20638d57f23c6b671
      size: 1166
    outs:
    - path: data/interim/filtered/LV_PM10_filtered.csv
      md5: 5c481dd27b99ad40b2f2d562d8f6c4f2
      size: 113412
  clean_data@SO2:
    cmd: python src/data/clean_data.py data/interim/updated/LV_SO2_updated.csv data/interim/cleaned/LV_SO2_cleaned.csv
    deps:
    - path: data/interim/updated/
      md5: a273522ef44ef3612efeab859bfba4a4.dir
      size: 28521496
      nfiles: 13
    - path: src/data/clean_data.py
      md5: a355740d5be26acfa852167cad082430
      size: 1391
    outs:
    - path: data/interim/cleaned/LV_SO2_cleaned.csv
      md5: 7a0e258adab025077c072f9b8e5f7cc9
      size: 5215731
  clean_data@O3:
    cmd: python src/data/clean_data.py data/interim/updated/LV_O3_updated.csv data/interim/cleaned/LV_O3_cleaned.csv
    deps:
    - path: data/interim/updated/
      md5: a273522ef44ef3612efeab859bfba4a4.dir
      size: 28521496
      nfiles: 13
    - path: src/data/clean_data.py
      md5: a355740d5be26acfa852167cad082430
      size: 1391
    outs:
    - path: data/interim/cleaned/LV_O3_cleaned.csv
      md5: 538e2f223a9c3a203deba79ec13bbbb8
      size: 5221358
  clean_data@CO:
    cmd: python src/data/clean_data.py data/interim/updated/LV_CO_updated.csv data/interim/cleaned/LV_CO_cleaned.csv
    deps:
    - path: data/interim/updated/
      md5: a273522ef44ef3612efeab859bfba4a4.dir
      size: 28521496
      nfiles: 13
    - path: src/data/clean_data.py
      md5: a355740d5be26acfa852167cad082430
      size: 1391
    outs:
    - path: data/interim/cleaned/LV_CO_cleaned.csv
      md5: 0effe43d58023ab19dd48eaf07ac3740
      size: 2990888
  clean_data@NO:
    cmd: python src/data/clean_data.py data/interim/updated/ES_NO_updated.csv data/interim/cleaned/ES_NO_cleaned.csv
    deps:
    - path: data/interim/updated/
      md5: 9de6f03f4a237eae1c44a09db92a8e83.dir
      size: 12732484
      nfiles: 8
    outs:
    - path: data/interim/cleaned/ES_NO_cleaned.csv
      md5: 9e8ff7faf689fd68598b500f3e737ce6
      size: 1814055
  clean_data@PM2.5:
    cmd: python src/data/clean_data.py data/interim/updated/LV_PM2.5_updated.csv data/interim/cleaned/LV_PM2.5_cleaned.csv
    deps:
    - path: data/interim/updated/
      md5: a273522ef44ef3612efeab859bfba4a4.dir
      size: 28521496
      nfiles: 13
    - path: src/data/clean_data.py
      md5: a355740d5be26acfa852167cad082430
      size: 1391
    outs:
    - path: data/interim/cleaned/LV_PM2.5_cleaned.csv
      md5: 6ff67587d6857fc274f4cba9cc1b589a
      size: 2920399
  clean_data@PM10:
    cmd: python src/data/clean_data.py data/interim/updated/LV_PM10_updated.csv data/interim/cleaned/LV_PM10_cleaned.csv
    deps:
    - path: data/interim/updated/
      md5: a273522ef44ef3612efeab859bfba4a4.dir
      size: 28521496
      nfiles: 13
    - path: src/data/clean_data.py
      md5: a355740d5be26acfa852167cad082430
      size: 1391
    outs:
    - path: data/interim/cleaned/LV_PM10_cleaned.csv
      md5: 1d0acffc7bdf8222c2bde087d41404fe
      size: 2885145
  clean_data@NO2:
    cmd: python src/data/clean_data.py data/interim/updated/LV_NO2_updated.csv data/interim/cleaned/LV_NO2_cleaned.csv
    deps:
    - path: data/interim/updated/
      md5: a273522ef44ef3612efeab859bfba4a4.dir
      size: 28521496
      nfiles: 13
    - path: src/data/clean_data.py
      md5: a355740d5be26acfa852167cad082430
      size: 1391
    outs:
    - path: data/interim/cleaned/LV_NO2_cleaned.csv
      md5: e4fa4c80743551a0a5fd29cdfab66d20
      size: 5236935
  load_historical_data@CO:
    cmd: python src/data/data_loading_historical.py data/raw/ CO 8
    deps:
    - path: metadata/download_config.json
      md5: 8e7eee48af92dbf39e478feba9997190
      size: 175
    - path: src/data/data_loading_historical.py
      md5: 2e2815d68308bb33a7036db8cfff09d1
      size: 3465
    outs:
    - path: data/raw/LV_CO
      md5: b9fdc12abda9a57788c6eb7da215ecb3.dir
      size: 2755053
      nfiles: 2
    - path: data/raw/LV_CO_urls.txt
      md5: cc8dba20c43829ab92d56a44cf5f9f88
      size: 189
  load_historical_data@PM10:
    cmd: python src/data/data_loading_historical.py data/raw/ PM10 8
    deps:
    - path: metadata/download_config.json
      md5: 8e7eee48af92dbf39e478feba9997190
      size: 175
    - path: src/data/data_loading_historical.py
      md5: 2e2815d68308bb33a7036db8cfff09d1
      size: 3465
    outs:
    - path: data/raw/LV_PM10
      md5: 654cf43babb9af5d843af5ebea22ee7f.dir
      size: 679228
      nfiles: 6
    - path: data/raw/LV_PM10_urls.txt
      md5: 2bf15def16b50c82ebbca7e35ff3b47c
      size: 555
  load_historical_data@NO:
    cmd: python src/data/data_loading_historical.py data/raw/ NO 8
    deps:
    - path: metadata/download_config.json
      md5: 2c8889bb780db391582dc49b0b29f236
      size: 181
    - path: src/data/data_loading_historical.py
      md5: 643bcfaa18678d1c3a7c86820661c0c0
      size: 3484
    outs:
    - path: data/raw/ES_NO
      md5: 7a4f489e684b7c9f8e5599ac89e8c14d.dir
      size: 1359725246
      nfiles: 1028
    - path: data/raw/ES_NO_urls.txt
      md5: f0945454120c2f1611fb1156e89ddc13
      size: 95607
  load_historical_data@NO2:
    cmd: python src/data/data_loading_historical.py data/raw/ NO2 8
    deps:
    - path: metadata/download_config.json
      md5: 8e7eee48af92dbf39e478feba9997190
      size: 175
    - path: src/data/data_loading_historical.py
      md5: 2e2815d68308bb33a7036db8cfff09d1
      size: 3465
    outs:
    - path: data/raw/LV_NO2
      md5: dc7916032a94a07a5b1b76b354f613af.dir
      size: 26485421
      nfiles: 12
    - path: data/raw/LV_NO2_urls.txt
      md5: 75089d73c32ba5f1c04ca3e9cd20c8fd
      size: 1107
  load_historical_data@SO2:
    cmd: python src/data/data_loading_historical.py data/raw/ SO2 8
    deps:
    - path: metadata/download_config.json
      md5: 8e7eee48af92dbf39e478feba9997190
      size: 175
    - path: src/data/data_loading_historical.py
      md5: 2e2815d68308bb33a7036db8cfff09d1
      size: 3465
    outs:
    - path: data/raw/LV_SO2
      md5: 0169a2496fdfd53bbe7211b6a234e961.dir
      size: 19143080
      nfiles: 9
    - path: data/raw/LV_SO2_urls.txt
      md5: 12160ac532cce0753450a52e14333ff1
      size: 831
  load_historical_data@O3:
    cmd: python src/data/data_loading_historical.py data/raw/ O3 8
    deps:
    - path: metadata/download_config.json
      md5: 8e7eee48af92dbf39e478feba9997190
      size: 175
    - path: src/data/data_loading_historical.py
      md5: 2e2815d68308bb33a7036db8cfff09d1
      size: 3465
    outs:
    - path: data/raw/LV_O3
      md5: c1ff3c68d0329af3ebeef9843d239cc1.dir
      size: 26268708
      nfiles: 11
    - path: data/raw/LV_O3_urls.txt
      md5: 21b2c93c3af098da06b90ef02070901f
      size: 1015
  load_historical_data@PM2.5:
    cmd: python src/data/data_loading_historical.py data/raw/ PM2.5 8
    deps:
    - path: metadata/download_config.json
      md5: 8e7eee48af92dbf39e478feba9997190
      size: 175
    - path: src/data/data_loading_historical.py
      md5: 2e2815d68308bb33a7036db8cfff09d1
      size: 3465
    outs:
    - path: data/raw/LV_PM2.5
      md5: b8496bfaf7d72049531e7396177535b8.dir
      size: 572903
      nfiles: 5
    - path: data/raw/LV_PM2.5_urls.txt
      md5: b37876d5311c1569b29d8ef47474bd9c
      size: 478
  calculation_AQI:
    cmd: python src/features/data_preprocessing.py data/interim/cleaned/ data/processed/AQI_dataset.csv
    deps:
    - path: data/interim/cleaned/
      md5: fdaaf9795372a5417609ddace582ae1a.dir
      size: 36970094
      nfiles: 14
    - path: src/features/data_preprocessing.py
      md5: bb3719b9099dc8025234a699738ecf3f
      size: 9193
    outs:
    - path: data/processed/AQI_dataset.csv
      md5: 11833fc029e92f4fb5205e5418dfae53
      size: 1391898
