schema: '2.0'
stages:
  merge_data@O3:
    cmd: python src/data/data_raw_merge.py data/interim/filtered/ES_O3_filtered.csv
      data/external/ES_O3.csv data/interim/updated/ES_O3_updated.csv
    deps:
    - path: data/external/
      md5: 11e1402206891559652f6454100dbf67.dir
      size: 34047369
      nfiles: 7
    - path: data/interim/filtered
      md5: 0f773d4381037ae5460af6f3148e1a6f.dir
      size: 29569267
      nfiles: 7
    - path: src/data/data_raw_merge.py
      md5: 9e8a328028bd827e1ea87ce37c7530f9
      size: 2584
    outs:
    - path: data/interim/updated/ES_O3_updated.csv
      md5: 333fd406260e5ee4d990967ae722d778
      size: 3127404
  merge_data@NO:
    cmd: python src/data/data_raw_merge.py data/interim/filtered/ES_NO_filtered.csv
      data/external/ES_NO.csv data/interim/updated/ES_NO_updated.csv
    deps:
    - path: data/external/
      md5: 1b42b8c5e8a4e267604622a3e7d96b8f.dir
      size: 42186767
      nfiles: 8
    - path: data/interim/filtered
      md5: f99d5bd460b830c2e834704ad52bc5f0.dir
      size: 19438151
      nfiles: 8
    - path: src/data/data_raw_merge.py
      md5: c0b3192a31f60e77bda8f77e4618fccd
      size: 2552
    outs:
    - path: data/interim/updated/ES_NO_updated.csv
      md5: 3db1db3703b6943f3b18ffe17c71e3ee
      size: 1806411
  merge_data@PM10:
    cmd: python src/data/data_raw_merge.py data/interim/filtered/ES_PM10_filtered.csv
      data/external/ES_PM10.csv data/interim/updated/ES_PM10_updated.csv
    deps:
    - path: data/external/
      md5: 11e1402206891559652f6454100dbf67.dir
      size: 34047369
      nfiles: 7
    - path: data/interim/filtered
      md5: 0f773d4381037ae5460af6f3148e1a6f.dir
      size: 29569267
      nfiles: 7
    - path: src/data/data_raw_merge.py
      md5: 9e8a328028bd827e1ea87ce37c7530f9
      size: 2584
    outs:
    - path: data/interim/updated/ES_PM10_updated.csv
      md5: d8afb85ed116df3a3292b44fcc65fe15
      size: 3186936
  merge_data@PM2.5:
    cmd: python src/data/data_raw_merge.py data/interim/filtered/ES_PM2.5_filtered.csv
      data/external/ES_PM2.5.csv data/interim/updated/ES_PM2.5_updated.csv
    deps:
    - path: data/external/
      md5: 11e1402206891559652f6454100dbf67.dir
      size: 34047369
      nfiles: 7
    - path: data/interim/filtered
      md5: 0f773d4381037ae5460af6f3148e1a6f.dir
      size: 29569267
      nfiles: 7
    - path: src/data/data_raw_merge.py
      md5: 9e8a328028bd827e1ea87ce37c7530f9
      size: 2584
    outs:
    - path: data/interim/updated/ES_PM2.5_updated.csv
      md5: 5fa49afeeb2f8d8033b63862e22721d6
      size: 3181681
  merge_data@NO2:
    cmd: python src/data/data_raw_merge.py data/interim/filtered/ES_NO2_filtered.csv
      data/external/ES_NO2.csv data/interim/updated/ES_NO2_updated.csv
    deps:
    - path: data/external/
      md5: 11e1402206891559652f6454100dbf67.dir
      size: 34047369
      nfiles: 7
    - path: data/interim/filtered
      md5: 0f773d4381037ae5460af6f3148e1a6f.dir
      size: 29569267
      nfiles: 7
    - path: src/data/data_raw_merge.py
      md5: 9e8a328028bd827e1ea87ce37c7530f9
      size: 2584
    outs:
    - path: data/interim/updated/ES_NO2_updated.csv
      md5: e0ee9da80656e48275e3cac8e6b98860
      size: 3124043
  merge_data@CO:
    cmd: python src/data/data_raw_merge.py data/interim/filtered/ES_CO_filtered.csv
      data/external/ES_CO.csv data/interim/updated/ES_CO_updated.csv
    deps:
    - path: data/external/
      md5: 11e1402206891559652f6454100dbf67.dir
      size: 34047369
      nfiles: 7
    - path: data/interim/filtered
      md5: 0f773d4381037ae5460af6f3148e1a6f.dir
      size: 29569267
      nfiles: 7
    - path: src/data/data_raw_merge.py
      md5: 9e8a328028bd827e1ea87ce37c7530f9
      size: 2584
    outs:
    - path: data/interim/updated/ES_CO_updated.csv
      md5: d417c1ed1d178ac4f38cd7583e6c3798
      size: 3087109
  merge_data@SO2:
    cmd: python src/data/data_raw_merge.py data/interim/filtered/ES_SO2_filtered.csv
      data/external/ES_SO2.csv data/interim/updated/ES_SO2_updated.csv
    deps:
    - path: data/external/
      md5: 11e1402206891559652f6454100dbf67.dir
      size: 34047369
      nfiles: 7
    - path: data/interim/filtered
      md5: 0f773d4381037ae5460af6f3148e1a6f.dir
      size: 29569267
      nfiles: 7
    - path: src/data/data_raw_merge.py
      md5: 9e8a328028bd827e1ea87ce37c7530f9
      size: 2584
    outs:
    - path: data/interim/updated/ES_SO2_updated.csv
      md5: 1095b84e090910bbdc04cc523a1b47ce
      size: 3129499
  filter_data@NO2:
    cmd: python src/data/filter_data.py data/raw/ES_NO2/ data/interim/filtered/ES_NO2_filtered.csv
    deps:
    - path: data/raw/
      md5: 2d6f698845d110db7ee944857ff82d53.dir
      size: 10242652635
      nfiles: 6727
    - path: src/data/filter_data.py
      md5: 91ec84c5a5ae49e0f6754ed4bb74f8b8
      size: 1136
    outs:
    - path: data/interim/filtered/ES_NO2_filtered.csv
      md5: c856edbd713f62fc53003fdef896b124
      size: 4856424
  filter_data@NO:
    cmd: python src/data/filter_data.py data/raw/ES_NO/ data/interim/filtered/ES_NO_filtered.csv
    deps:
    - path: data/raw/
      md5: f9f0cbd3ac6022e3baa43e123dc0f30c.dir
      size: 7097091282
      nfiles: 5380
    outs:
    - path: data/interim/filtered/ES_NO_filtered.csv
      md5: 59cba7e5e2ca6515bb7c72c17368adb0
      size: 2740661
  filter_data@SO2:
    cmd: python src/data/filter_data.py data/raw/ES_SO2/ data/interim/filtered/ES_SO2_filtered.csv
    deps:
    - path: data/raw/
      md5: 2d6f698845d110db7ee944857ff82d53.dir
      size: 10242652635
      nfiles: 6727
    - path: src/data/filter_data.py
      md5: 91ec84c5a5ae49e0f6754ed4bb74f8b8
      size: 1136
    outs:
    - path: data/interim/filtered/ES_SO2_filtered.csv
      md5: cb66c6f261aaef7d5c6ded75c8139eae
      size: 4904162
  filter_data@CO:
    cmd: python src/data/filter_data.py data/raw/ES_CO/ data/interim/filtered/ES_CO_filtered.csv
    deps:
    - path: data/raw/
      md5: 2d6f698845d110db7ee944857ff82d53.dir
      size: 10242652635
      nfiles: 6727
    - path: src/data/filter_data.py
      md5: 91ec84c5a5ae49e0f6754ed4bb74f8b8
      size: 1136
    outs:
    - path: data/interim/filtered/ES_CO_filtered.csv
      md5: 22ec50ec35dfc7cc3a7204464875deb1
      size: 4882932
  filter_data@O3:
    cmd: python src/data/filter_data.py data/raw/ES_O3/ data/interim/filtered/ES_O3_filtered.csv
    deps:
    - path: data/raw/
      md5: 2d6f698845d110db7ee944857ff82d53.dir
      size: 10242652635
      nfiles: 6727
    - path: src/data/filter_data.py
      md5: 91ec84c5a5ae49e0f6754ed4bb74f8b8
      size: 1136
    outs:
    - path: data/interim/filtered/ES_O3_filtered.csv
      md5: 9caf72754eccb534b0292cbf2acca0e4
      size: 4902072
  filter_data@PM2.5:
    cmd: python src/data/filter_data.py data/raw/ES_PM2.5/ data/interim/filtered/ES_PM2.5_filtered.csv
    deps:
    - path: data/raw/
      md5: 2d6f698845d110db7ee944857ff82d53.dir
      size: 10242652635
      nfiles: 6727
    - path: src/data/filter_data.py
      md5: 91ec84c5a5ae49e0f6754ed4bb74f8b8
      size: 1136
    outs:
    - path: data/interim/filtered/ES_PM2.5_filtered.csv
      md5: aae808379ff04a98e0c3b0de68a1ebad
      size: 5019748
  filter_data@PM10:
    cmd: python src/data/filter_data.py data/raw/ES_PM10/ data/interim/filtered/ES_PM10_filtered.csv
    deps:
    - path: data/raw/
      md5: 2d6f698845d110db7ee944857ff82d53.dir
      size: 10242652635
      nfiles: 6727
    - path: src/data/filter_data.py
      md5: 91ec84c5a5ae49e0f6754ed4bb74f8b8
      size: 1136
    outs:
    - path: data/interim/filtered/ES_PM10_filtered.csv
      md5: ca6fe15eba5eaaeb78ef6ea538e16752
      size: 5003858
  clean_data@SO2:
    cmd: python src/data/clean_data.py data/interim/updated/ES_SO2_updated.csv data/interim/cleaned/ES_SO2_cleaned.csv
    deps:
    - path: data/interim/updated/
      md5: cfd10d52e43b51b8f03337b8ebab154a.dir
      size: 18836742
      nfiles: 7
    - path: src/data/clean_data.py
      md5: 01d71e8a381723cdb016544d772d053c
      size: 1377
    outs:
    - path: data/interim/cleaned/ES_SO2_cleaned.csv
      md5: 142fdc9e2a4b40f4317fa7ecc0ab9920
      size: 3137084
  clean_data@O3:
    cmd: python src/data/clean_data.py data/interim/updated/ES_O3_updated.csv data/interim/cleaned/ES_O3_cleaned.csv
    deps:
    - path: data/interim/updated/
      md5: cfd10d52e43b51b8f03337b8ebab154a.dir
      size: 18836742
      nfiles: 7
    - path: src/data/clean_data.py
      md5: 01d71e8a381723cdb016544d772d053c
      size: 1377
    outs:
    - path: data/interim/cleaned/ES_O3_cleaned.csv
      md5: 8568f5be926b9ebd3ff99d78068c1ac7
      size: 3134935
  clean_data@CO:
    cmd: python src/data/clean_data.py data/interim/updated/ES_CO_updated.csv data/interim/cleaned/ES_CO_cleaned.csv
    deps:
    - path: data/interim/updated/
      md5: cfd10d52e43b51b8f03337b8ebab154a.dir
      size: 18836742
      nfiles: 7
    - path: src/data/clean_data.py
      md5: 01d71e8a381723cdb016544d772d053c
      size: 1377
    outs:
    - path: data/interim/cleaned/ES_CO_cleaned.csv
      md5: 70da13c4b499e9fa88f1413d2c34c3bd
      size: 3094590
  clean_data@NO:
    cmd: python src/data/clean_data.py data/interim/updated/ES_NO_updated.csv data/interim/cleaned/ES_NO_cleaned.csv
    deps:
    - path: data/interim/updated/
      md5: 9de6f03f4a237eae1c44a09db92a8e83.dir
      size: 12732484
      nfiles: 8
    outs:
    - path: data/interim/cleaned/ES_NO_cleaned.csv
      md5: 9e8ff7faf689fd68598b500f3e737ce6
      size: 1814055
  clean_data@PM2.5:
    cmd: python src/data/clean_data.py data/interim/updated/ES_PM2.5_updated.csv data/interim/cleaned/ES_PM2.5_cleaned.csv
    deps:
    - path: data/interim/updated/
      md5: cfd10d52e43b51b8f03337b8ebab154a.dir
      size: 18836742
      nfiles: 7
    - path: src/data/clean_data.py
      md5: 01d71e8a381723cdb016544d772d053c
      size: 1377
    outs:
    - path: data/interim/cleaned/ES_PM2.5_cleaned.csv
      md5: 26e1ef48673a44638adb9daef31759dd
      size: 3189370
  clean_data@PM10:
    cmd: python src/data/clean_data.py data/interim/updated/ES_PM10_updated.csv data/interim/cleaned/ES_PM10_cleaned.csv
    deps:
    - path: data/interim/updated/
      md5: cfd10d52e43b51b8f03337b8ebab154a.dir
      size: 18836742
      nfiles: 7
    - path: src/data/clean_data.py
      md5: 01d71e8a381723cdb016544d772d053c
      size: 1377
    outs:
    - path: data/interim/cleaned/ES_PM10_cleaned.csv
      md5: 4e7f7120e50693f0500da00d1dddbc6c
      size: 3194623
  clean_data@NO2:
    cmd: python src/data/clean_data.py data/interim/updated/ES_NO2_updated.csv data/interim/cleaned/ES_NO2_cleaned.csv
    deps:
    - path: data/interim/updated/
      md5: cfd10d52e43b51b8f03337b8ebab154a.dir
      size: 18836742
      nfiles: 7
    - path: src/data/clean_data.py
      md5: 01d71e8a381723cdb016544d772d053c
      size: 1377
    outs:
    - path: data/interim/cleaned/ES_NO2_cleaned.csv
      md5: edacb8a620d0a7c8014e75ace29258b1
      size: 3131574
  load_historical_data@CO:
    cmd: python src/data/data_loading_historical.py data/raw/ CO 8
    deps:
    - path: metadata/download_config.json
      md5: 337225c3b7798ca418decac14940e55d
      size: 175
    - path: src/data/data_loading_historical.py
      md5: 24a4c7548168c361f1eceb3a2e09fdd6
      size: 3568
    outs:
    - path: data/raw/ES_CO
      md5: 44ed30fa96eb85de7ec261f44a2b7c42.dir
      size: 968114247
      nfiles: 621
    - path: data/raw/ES_CO_urls.txt
      md5: 70c0d21680377251cd8ce71a6283f76c
      size: 57756
  load_historical_data@PM10:
    cmd: python src/data/data_loading_historical.py data/raw/ PM10 8
    deps:
    - path: metadata/download_config.json
      md5: 337225c3b7798ca418decac14940e55d
      size: 175
    - path: src/data/data_loading_historical.py
      md5: 24a4c7548168c361f1eceb3a2e09fdd6
      size: 3568
    outs:
    - path: data/raw/ES_PM10
      md5: 87ebd13acebd81dfde4ffc7a70522329.dir
      size: 1761095522
      nfiles: 1242
    - path: data/raw/ES_PM10_urls.txt
      md5: 9a36e4db793ec80f1d4b857ee4ede091
      size: 114267
  load_historical_data@NO:
    cmd: python src/data/data_loading_historical.py data/raw/ NO 8
    deps:
    - path: metadata/download_config.json
      md5: 2c8889bb780db391582dc49b0b29f236
      size: 181
    - path: src/data/data_loading_historical.py
      md5: 643bcfaa18678d1c3a7c86820661c0c0
      size: 3484
    outs:
    - path: data/raw/ES_NO
      md5: 7a4f489e684b7c9f8e5599ac89e8c14d.dir
      size: 1359725246
      nfiles: 1028
    - path: data/raw/ES_NO_urls.txt
      md5: f0945454120c2f1611fb1156e89ddc13
      size: 95607
  load_historical_data@NO2:
    cmd: python src/data/data_loading_historical.py data/raw/ NO2 8
    deps:
    - path: metadata/download_config.json
      md5: 337225c3b7798ca418decac14940e55d
      size: 175
    - path: src/data/data_loading_historical.py
      md5: 24a4c7548168c361f1eceb3a2e09fdd6
      size: 3568
    outs:
    - path: data/raw/ES_NO2
      md5: bba337ec83d114baa0943d8d50bb47ee.dir
      size: 2514392798
      nfiles: 1594
    - path: data/raw/ES_NO2_urls.txt
      md5: 8be1e724c59de10ff1bdef1e72050d14
      size: 146651
  load_historical_data@SO2:
    cmd: python src/data/data_loading_historical.py data/raw/ SO2 8
    deps:
    - path: metadata/download_config.json
      md5: 337225c3b7798ca418decac14940e55d
      size: 175
    - path: src/data/data_loading_historical.py
      md5: 24a4c7548168c361f1eceb3a2e09fdd6
      size: 3568
    outs:
    - path: data/raw/ES_SO2
      md5: 8680f145d0a8be41d0669bdf094a9e94.dir
      size: 2023277519
      nfiles: 1273
    - path: data/raw/ES_SO2_urls.txt
      md5: 572c05dea0e163e495dbeba586a4ca72
      size: 117119
  load_historical_data@O3:
    cmd: python src/data/data_loading_historical.py data/raw/ O3 8
    deps:
    - path: metadata/download_config.json
      md5: 337225c3b7798ca418decac14940e55d
      size: 175
    - path: src/data/data_loading_historical.py
      md5: 24a4c7548168c361f1eceb3a2e09fdd6
      size: 3568
    outs:
    - path: data/raw/ES_O3
      md5: d6e88584e6a17687da157763effaff1b.dir
      size: 2088705106
      nfiles: 1312
    - path: data/raw/ES_O3_urls.txt
      md5: f23cce84008a81b1006e08feb51f52bc
      size: 120707
  load_historical_data@PM2.5:
    cmd: python src/data/data_loading_historical.py data/raw/ PM2.5 8
    deps:
    - path: metadata/download_config.json
      md5: 337225c3b7798ca418decac14940e55d
      size: 175
    - path: src/data/data_loading_historical.py
      md5: 24a4c7548168c361f1eceb3a2e09fdd6
      size: 3568
    outs:
    - path: data/raw/ES_PM2.5
      md5: 0af49fada71a5d56bdf20263aa782ac6.dir
      size: 886446459
      nfiles: 678
    - path: data/raw/ES_PM2.5_urls.txt
      md5: 05de7de211481766450934092fd99694
      size: 64413
  calculation_AQI:
    cmd: python src/features/data_preprocessing.py data/interim/cleaned/ data/processed/AQI_dataset.csv
    deps:
    - path: data/interim/cleaned/
      md5: 1176c1888b0d434049b0044bd442e062.dir
      size: 18882246
      nfiles: 7
    - path: metadata/metadata_pollutants.yaml
      md5: c4a0c96a554f59ed6dbf93850bbada3e
      size: 453
    - path: src/features/data_preprocessing.py
      md5: ec377b82e80a14277517fbc29a7d4574
      size: 9091
    outs:
    - path: data/processed/AQI_dataset.csv
      md5: d24526eab08ed308b975876625dfe26f
      size: 3645548
  prepare_dataset:
    cmd: python src/models/prepare_datasets.py 1 data/processed/AQI_dataset.csv data/processed/train.csv
      data/processed/test.csv
    deps:
    - path: data/processed/AQI_dataset.csv
      md5: d24526eab08ed308b975876625dfe26f
      size: 3645548
    - path: src/models/prepare_datasets.py
      md5: 5b2270dd22eb1de333a723985ceacadf
      size: 888
    outs:
    - path: data/processed/test.csv
      md5: 6b0635b7bed31457882e1d2efc691b4e
      size: 22
    - path: data/processed/train.csv
      md5: 0040351abf32be1fbbf349455f0d49ef
      size: 25905
  train:
    cmd: python src/models/train.py  data/processed/train.csv data/processed/test.csv
      models/model.clf
    deps:
    - path: data/processed/test.csv
      md5: 6b0635b7bed31457882e1d2efc691b4e
      size: 22
    - path: data/processed/train.csv
      md5: 0040351abf32be1fbbf349455f0d49ef
      size: 25905
    - path: src/models/train.py
      md5: bd8e54591dd140f6c531a186f3699c19
      size: 1844
    outs:
    - path: models/model.clf
      md5: 250f1b23b2df38df43f4751203c3ae47
      size: 9265703
  evaluate:
    cmd: python src/models/evaluate.py  data/processed/test.csv models/model.clf reports/scores.json
    deps:
    - path: models/model.clf
      md5: 250f1b23b2df38df43f4751203c3ae47
      size: 9265703
    - path: src/models/evaluate.py
      md5: 9c3652810bd922982f4cbf7548f65b9d
      size: 804
    outs:
    - path: reports/scores.json
      md5: 01dd7371eb91a4fabf4fd2349a6857eb
      size: 27
